{
  "name": "backend",
  "version": "1.0.0",
  "lockfileVersion": 1,
  "requires": true,
  "dependencies": {
    "@types/node": {
      "version": "8.0.20",
      "resolved": "https://registry.npmjs.org/@types/node/-/node-8.0.20.tgz",
      "integrity": "sha512-MnB7YEpmLUyEWRVRhKpRs4swwqITnY8BcVFPoTuCl99SCplI/lLUiU5vcJ/OANDqwkpdIg0pDEM38K22KQT2RA==",
      "dev": true
    },
    "@types/ws": {
      "version": "3.0.2",
      "resolved": "https://registry.npmjs.org/@types/ws/-/ws-3.0.2.tgz",
      "integrity": "sha512-jWO+P8pn6lBdKoi+8cxBdLbRwwiiBdp8Jqgr/9e6A33fRNunM/C3ACGU/9Ksr3rHV6C2KzhncNGwgCFwGTgX/g==",
      "dev": true,
      "requires": {
        "@types/node": "8.0.20"
      }
    }
  }
}
